
Microsoft Visual Studio Solution File, Format Version 12.00
# Visual Studio 15
VisualStudioVersion = 15.0.26124.0
MinimumVisualStudioVersion = 15.0.26124.0
Project("{2150E333-8FDC-42A3-9474-1A3956D46DE8}") = "src", "src", "{F4F98233-6590-46E3-9EEB-D635A3E891CB}"
EndProject
Project("{FAE04EC0-301F-11D3-BF4B-00C04F79EFBC}") = "WebApi.Api", "src\WebApi.Api\WebApi.Api.csproj", "{375B1F0F-D71E-4DB2-93B8-4197C063DF05}"
EndProject
Project("{2150E333-8FDC-42A3-9474-1A3956D46DE8}") = "__tests__", "__tests__", "{7F739A7E-387B-4045-A27E-F9801FFA9E20}"
EndProject
Project("{FAE04EC0-301F-11D3-BF4B-00C04F79EFBC}") = "WebApi.Shared", "src\WebApi.Shared\WebApi.Shared.csproj", "{61CD544D-37D7-4C50-A732-457B63E7A184}"
EndProject
Project("{FAE04EC0-301F-11D3-BF4B-00C04F79EFBC}") = "WebApi.InfraData", "src\WebApi.InfraData\WebApi.InfraData.csproj", "{A248177E-28A3-4396-99AF-38015751BBC9}"
EndProject
Project("{FAE04EC0-301F-11D3-BF4B-00C04F79EFBC}") = "WebApi.InfraData.Tests", "__tests__\WebApi.InfraData.Tests\WebApi.InfraData.Tests.csproj", "{E12718AA-8BBA-4ADC-BEA6-615FC2A76C32}"
EndProject
Project("{FAE04EC0-301F-11D3-BF4B-00C04F79EFBC}") = "WebApi.Shared.Tests", "__tests__\WebApi.Shared.Tests\WebApi.Shared.Tests.csproj", "{05155148-63FB-42F0-AB8D-CE5CF2752CBE}"
EndProject
Project("{FAE04EC0-301F-11D3-BF4B-00C04F79EFBC}") = "WebApi.Api.Tests", "__tests__\WebApi.Api.Tests\WebApi.Api.Tests.csproj", "{DB4C480D-93C8-4B0A-B3C5-2A4CF94C19D9}"
EndProject
Project("{FAE04EC0-301F-11D3-BF4B-00C04F79EFBC}") = "WebApi.Business", "src\WebApi.Business\WebApi.Business.csproj", "{95480759-65A2-4034-A492-D9C34495319F}"
EndProject
Project("{FAE04EC0-301F-11D3-BF4B-00C04F79EFBC}") = "WebApi.Business.Tests", "__tests__\WebApi.Business.Tests\WebApi.Business.Tests.csproj", "{6EF751CF-A157-4E6A-913C-E832045DC2BB}"
EndProject
Project("{FAE04EC0-301F-11D3-BF4B-00C04F79EFBC}") = "WebApi.IoC", "src\WebApi.IoC\WebApi.IoC.csproj", "{BCABB715-BF49-4C18-A76C-CCE9D566C9D9}"
EndProject
Project("{FAE04EC0-301F-11D3-BF4B-00C04F79EFBC}") = "WebApi.IntegrationTest", "__tests__\WebApi.IntegrationTest\WebApi.IntegrationTest.csproj", "{5AD7EC19-E27C-4063-87E3-492063B2FE51}"
EndProject
Project("{FAE04EC0-301F-11D3-BF4B-00C04F79EFBC}") = "WebApi.WarmUp", "src\WebApi.WarmUp\WebApi.WarmUp.csproj", "{96B31EBD-921D-4FDC-ABAF-5FB4386CA22B}"
EndProject
Global
	GlobalSection(SolutionConfigurationPlatforms) = preSolution
		Debug|Any CPU = Debug|Any CPU
		Debug|x64 = Debug|x64
		Debug|x86 = Debug|x86
		Release|Any CPU = Release|Any CPU
		Release|x64 = Release|x64
		Release|x86 = Release|x86
	EndGlobalSection
	GlobalSection(SolutionProperties) = preSolution
		HideSolutionNode = FALSE
	EndGlobalSection
	GlobalSection(ProjectConfigurationPlatforms) = postSolution
		{375B1F0F-D71E-4DB2-93B8-4197C063DF05}.Debug|Any CPU.ActiveCfg = Debug|Any CPU
		{375B1F0F-D71E-4DB2-93B8-4197C063DF05}.Debug|Any CPU.Build.0 = Debug|Any CPU
		{375B1F0F-D71E-4DB2-93B8-4197C063DF05}.Debug|x64.ActiveCfg = Debug|Any CPU
		{375B1F0F-D71E-4DB2-93B8-4197C063DF05}.Debug|x64.Build.0 = Debug|Any CPU
		{375B1F0F-D71E-4DB2-93B8-4197C063DF05}.Debug|x86.ActiveCfg = Debug|Any CPU
		{375B1F0F-D71E-4DB2-93B8-4197C063DF05}.Debug|x86.Build.0 = Debug|Any CPU
		{375B1F0F-D71E-4DB2-93B8-4197C063DF05}.Release|Any CPU.ActiveCfg = Release|Any CPU
		{375B1F0F-D71E-4DB2-93B8-4197C063DF05}.Release|Any CPU.Build.0 = Release|Any CPU
		{375B1F0F-D71E-4DB2-93B8-4197C063DF05}.Release|x64.ActiveCfg = Release|Any CPU
		{375B1F0F-D71E-4DB2-93B8-4197C063DF05}.Release|x64.Build.0 = Release|Any CPU
		{375B1F0F-D71E-4DB2-93B8-4197C063DF05}.Release|x86.ActiveCfg = Release|Any CPU
		{375B1F0F-D71E-4DB2-93B8-4197C063DF05}.Release|x86.Build.0 = Release|Any CPU
		{61CD544D-37D7-4C50-A732-457B63E7A184}.Debug|Any CPU.ActiveCfg = Debug|Any CPU
		{61CD544D-37D7-4C50-A732-457B63E7A184}.Debug|Any CPU.Build.0 = Debug|Any CPU
		{61CD544D-37D7-4C50-A732-457B63E7A184}.Debug|x64.ActiveCfg = Debug|Any CPU
		{61CD544D-37D7-4C50-A732-457B63E7A184}.Debug|x64.Build.0 = Debug|Any CPU
		{61CD544D-37D7-4C50-A732-457B63E7A184}.Debug|x86.ActiveCfg = Debug|Any CPU
		{61CD544D-37D7-4C50-A732-457B63E7A184}.Debug|x86.Build.0 = Debug|Any CPU
		{61CD544D-37D7-4C50-A732-457B63E7A184}.Release|Any CPU.ActiveCfg = Release|Any CPU
		{61CD544D-37D7-4C50-A732-457B63E7A184}.Release|Any CPU.Build.0 = Release|Any CPU
		{61CD544D-37D7-4C50-A732-457B63E7A184}.Release|x64.ActiveCfg = Release|Any CPU
		{61CD544D-37D7-4C50-A732-457B63E7A184}.Release|x64.Build.0 = Release|Any CPU
		{61CD544D-37D7-4C50-A732-457B63E7A184}.Release|x86.ActiveCfg = Release|Any CPU
		{61CD544D-37D7-4C50-A732-457B63E7A184}.Release|x86.Build.0 = Release|Any CPU
		{A248177E-28A3-4396-99AF-38015751BBC9}.Debug|Any CPU.ActiveCfg = Debug|Any CPU
		{A248177E-28A3-4396-99AF-38015751BBC9}.Debug|Any CPU.Build.0 = Debug|Any CPU
		{A248177E-28A3-4396-99AF-38015751BBC9}.Debug|x64.ActiveCfg = Debug|Any CPU
		{A248177E-28A3-4396-99AF-38015751BBC9}.Debug|x64.Build.0 = Debug|Any CPU
		{A248177E-28A3-4396-99AF-38015751BBC9}.Debug|x86.ActiveCfg = Debug|Any CPU
		{A248177E-28A3-4396-99AF-38015751BBC9}.Debug|x86.Build.0 = Debug|Any CPU
		{A248177E-28A3-4396-99AF-38015751BBC9}.Release|Any CPU.ActiveCfg = Release|Any CPU
		{A248177E-28A3-4396-99AF-38015751BBC9}.Release|Any CPU.Build.0 = Release|Any CPU
		{A248177E-28A3-4396-99AF-38015751BBC9}.Release|x64.ActiveCfg = Release|Any CPU
		{A248177E-28A3-4396-99AF-38015751BBC9}.Release|x64.Build.0 = Release|Any CPU
		{A248177E-28A3-4396-99AF-38015751BBC9}.Release|x86.ActiveCfg = Release|Any CPU
		{A248177E-28A3-4396-99AF-38015751BBC9}.Release|x86.Build.0 = Release|Any CPU
		{E12718AA-8BBA-4ADC-BEA6-615FC2A76C32}.Debug|Any CPU.ActiveCfg = Debug|Any CPU
		{E12718AA-8BBA-4ADC-BEA6-615FC2A76C32}.Debug|Any CPU.Build.0 = Debug|Any CPU
		{E12718AA-8BBA-4ADC-BEA6-615FC2A76C32}.Debug|x64.ActiveCfg = Debug|Any CPU
		{E12718AA-8BBA-4ADC-BEA6-615FC2A76C32}.Debug|x64.Build.0 = Debug|Any CPU
		{E12718AA-8BBA-4ADC-BEA6-615FC2A76C32}.Debug|x86.ActiveCfg = Debug|Any CPU
		{E12718AA-8BBA-4ADC-BEA6-615FC2A76C32}.Debug|x86.Build.0 = Debug|Any CPU
		{E12718AA-8BBA-4ADC-BEA6-615FC2A76C32}.Release|Any CPU.ActiveCfg = Release|Any CPU
		{E12718AA-8BBA-4ADC-BEA6-615FC2A76C32}.Release|Any CPU.Build.0 = Release|Any CPU
		{E12718AA-8BBA-4ADC-BEA6-615FC2A76C32}.Release|x64.ActiveCfg = Release|Any CPU
		{E12718AA-8BBA-4ADC-BEA6-615FC2A76C32}.Release|x64.Build.0 = Release|Any CPU
		{E12718AA-8BBA-4ADC-BEA6-615FC2A76C32}.Release|x86.ActiveCfg = Release|Any CPU
		{E12718AA-8BBA-4ADC-BEA6-615FC2A76C32}.Release|x86.Build.0 = Release|Any CPU
		{05155148-63FB-42F0-AB8D-CE5CF2752CBE}.Debug|Any CPU.ActiveCfg = Debug|Any CPU
		{05155148-63FB-42F0-AB8D-CE5CF2752CBE}.Debug|Any CPU.Build.0 = Debug|Any CPU
		{05155148-63FB-42F0-AB8D-CE5CF2752CBE}.Debug|x64.ActiveCfg = Debug|Any CPU
		{05155148-63FB-42F0-AB8D-CE5CF2752CBE}.Debug|x64.Build.0 = Debug|Any CPU
		{05155148-63FB-42F0-AB8D-CE5CF2752CBE}.Debug|x86.ActiveCfg = Debug|Any CPU
		{05155148-63FB-42F0-AB8D-CE5CF2752CBE}.Debug|x86.Build.0 = Debug|Any CPU
		{05155148-63FB-42F0-AB8D-CE5CF2752CBE}.Release|Any CPU.ActiveCfg = Release|Any CPU
		{05155148-63FB-42F0-AB8D-CE5CF2752CBE}.Release|Any CPU.Build.0 = Release|Any CPU
		{05155148-63FB-42F0-AB8D-CE5CF2752CBE}.Release|x64.ActiveCfg = Release|Any CPU
		{05155148-63FB-42F0-AB8D-CE5CF2752CBE}.Release|x64.Build.0 = Release|Any CPU
		{05155148-63FB-42F0-AB8D-CE5CF2752CBE}.Release|x86.ActiveCfg = Release|Any CPU
		{05155148-63FB-42F0-AB8D-CE5CF2752CBE}.Release|x86.Build.0 = Release|Any CPU
		{DB4C480D-93C8-4B0A-B3C5-2A4CF94C19D9}.Debug|Any CPU.ActiveCfg = Debug|Any CPU
		{DB4C480D-93C8-4B0A-B3C5-2A4CF94C19D9}.Debug|Any CPU.Build.0 = Debug|Any CPU
		{DB4C480D-93C8-4B0A-B3C5-2A4CF94C19D9}.Debug|x64.ActiveCfg = Debug|Any CPU
		{DB4C480D-93C8-4B0A-B3C5-2A4CF94C19D9}.Debug|x64.Build.0 = Debug|Any CPU
		{DB4C480D-93C8-4B0A-B3C5-2A4CF94C19D9}.Debug|x86.ActiveCfg = Debug|Any CPU
		{DB4C480D-93C8-4B0A-B3C5-2A4CF94C19D9}.Debug|x86.Build.0 = Debug|Any CPU
		{DB4C480D-93C8-4B0A-B3C5-2A4CF94C19D9}.Release|Any CPU.ActiveCfg = Release|Any CPU
		{DB4C480D-93C8-4B0A-B3C5-2A4CF94C19D9}.Release|Any CPU.Build.0 = Release|Any CPU
		{DB4C480D-93C8-4B0A-B3C5-2A4CF94C19D9}.Release|x64.ActiveCfg = Release|Any CPU
		{DB4C480D-93C8-4B0A-B3C5-2A4CF94C19D9}.Release|x64.Build.0 = Release|Any CPU
		{DB4C480D-93C8-4B0A-B3C5-2A4CF94C19D9}.Release|x86.ActiveCfg = Release|Any CPU
		{DB4C480D-93C8-4B0A-B3C5-2A4CF94C19D9}.Release|x86.Build.0 = Release|Any CPU
		{95480759-65A2-4034-A492-D9C34495319F}.Debug|Any CPU.ActiveCfg = Debug|Any CPU
		{95480759-65A2-4034-A492-D9C34495319F}.Debug|Any CPU.Build.0 = Debug|Any CPU
		{95480759-65A2-4034-A492-D9C34495319F}.Debug|x64.ActiveCfg = Debug|Any CPU
		{95480759-65A2-4034-A492-D9C34495319F}.Debug|x64.Build.0 = Debug|Any CPU
		{95480759-65A2-4034-A492-D9C34495319F}.Debug|x86.ActiveCfg = Debug|Any CPU
		{95480759-65A2-4034-A492-D9C34495319F}.Debug|x86.Build.0 = Debug|Any CPU
		{95480759-65A2-4034-A492-D9C34495319F}.Release|Any CPU.ActiveCfg = Release|Any CPU
		{95480759-65A2-4034-A492-D9C34495319F}.Release|Any CPU.Build.0 = Release|Any CPU
		{95480759-65A2-4034-A492-D9C34495319F}.Release|x64.ActiveCfg = Release|Any CPU
		{95480759-65A2-4034-A492-D9C34495319F}.Release|x64.Build.0 = Release|Any CPU
		{95480759-65A2-4034-A492-D9C34495319F}.Release|x86.ActiveCfg = Release|Any CPU
		{95480759-65A2-4034-A492-D9C34495319F}.Release|x86.Build.0 = Release|Any CPU
		{6EF751CF-A157-4E6A-913C-E832045DC2BB}.Debug|Any CPU.ActiveCfg = Debug|Any CPU
		{6EF751CF-A157-4E6A-913C-E832045DC2BB}.Debug|Any CPU.Build.0 = Debug|Any CPU
		{6EF751CF-A157-4E6A-913C-E832045DC2BB}.Debug|x64.ActiveCfg = Debug|Any CPU
		{6EF751CF-A157-4E6A-913C-E832045DC2BB}.Debug|x64.Build.0 = Debug|Any CPU
		{6EF751CF-A157-4E6A-913C-E832045DC2BB}.Debug|x86.ActiveCfg = Debug|Any CPU
		{6EF751CF-A157-4E6A-913C-E832045DC2BB}.Debug|x86.Build.0 = Debug|Any CPU
		{6EF751CF-A157-4E6A-913C-E832045DC2BB}.Release|Any CPU.ActiveCfg = Release|Any CPU
		{6EF751CF-A157-4E6A-913C-E832045DC2BB}.Release|Any CPU.Build.0 = Release|Any CPU
		{6EF751CF-A157-4E6A-913C-E832045DC2BB}.Release|x64.ActiveCfg = Release|Any CPU
		{6EF751CF-A157-4E6A-913C-E832045DC2BB}.Release|x64.Build.0 = Release|Any CPU
		{6EF751CF-A157-4E6A-913C-E832045DC2BB}.Release|x86.ActiveCfg = Release|Any CPU
		{6EF751CF-A157-4E6A-913C-E832045DC2BB}.Release|x86.Build.0 = Release|Any CPU
		{BCABB715-BF49-4C18-A76C-CCE9D566C9D9}.Debug|Any CPU.ActiveCfg = Debug|Any CPU
		{BCABB715-BF49-4C18-A76C-CCE9D566C9D9}.Debug|Any CPU.Build.0 = Debug|Any CPU
		{BCABB715-BF49-4C18-A76C-CCE9D566C9D9}.Debug|x64.ActiveCfg = Debug|Any CPU
		{BCABB715-BF49-4C18-A76C-CCE9D566C9D9}.Debug|x64.Build.0 = Debug|Any CPU
		{BCABB715-BF49-4C18-A76C-CCE9D566C9D9}.Debug|x86.ActiveCfg = Debug|Any CPU
		{BCABB715-BF49-4C18-A76C-CCE9D566C9D9}.Debug|x86.Build.0 = Debug|Any CPU
		{BCABB715-BF49-4C18-A76C-CCE9D566C9D9}.Release|Any CPU.ActiveCfg = Release|Any CPU
		{BCABB715-BF49-4C18-A76C-CCE9D566C9D9}.Release|Any CPU.Build.0 = Release|Any CPU
		{BCABB715-BF49-4C18-A76C-CCE9D566C9D9}.Release|x64.ActiveCfg = Release|Any CPU
		{BCABB715-BF49-4C18-A76C-CCE9D566C9D9}.Release|x64.Build.0 = Release|Any CPU
		{BCABB715-BF49-4C18-A76C-CCE9D566C9D9}.Release|x86.ActiveCfg = Release|Any CPU
		{BCABB715-BF49-4C18-A76C-CCE9D566C9D9}.Release|x86.Build.0 = Release|Any CPU
		{5AD7EC19-E27C-4063-87E3-492063B2FE51}.Debug|Any CPU.ActiveCfg = Debug|Any CPU
		{5AD7EC19-E27C-4063-87E3-492063B2FE51}.Debug|Any CPU.Build.0 = Debug|Any CPU
		{5AD7EC19-E27C-4063-87E3-492063B2FE51}.Debug|x64.ActiveCfg = Debug|Any CPU
		{5AD7EC19-E27C-4063-87E3-492063B2FE51}.Debug|x64.Build.0 = Debug|Any CPU
		{5AD7EC19-E27C-4063-87E3-492063B2FE51}.Debug|x86.ActiveCfg = Debug|Any CPU
		{5AD7EC19-E27C-4063-87E3-492063B2FE51}.Debug|x86.Build.0 = Debug|Any CPU
		{5AD7EC19-E27C-4063-87E3-492063B2FE51}.Release|Any CPU.ActiveCfg = Release|Any CPU
		{5AD7EC19-E27C-4063-87E3-492063B2FE51}.Release|Any CPU.Build.0 = Release|Any CPU
		{5AD7EC19-E27C-4063-87E3-492063B2FE51}.Release|x64.ActiveCfg = Release|Any CPU
		{5AD7EC19-E27C-4063-87E3-492063B2FE51}.Release|x64.Build.0 = Release|Any CPU
		{5AD7EC19-E27C-4063-87E3-492063B2FE51}.Release|x86.ActiveCfg = Release|Any CPU
		{5AD7EC19-E27C-4063-87E3-492063B2FE51}.Release|x86.Build.0 = Release|Any CPU
		{96B31EBD-921D-4FDC-ABAF-5FB4386CA22B}.Debug|Any CPU.ActiveCfg = Debug|Any CPU
		{96B31EBD-921D-4FDC-ABAF-5FB4386CA22B}.Debug|Any CPU.Build.0 = Debug|Any CPU
		{96B31EBD-921D-4FDC-ABAF-5FB4386CA22B}.Debug|x64.ActiveCfg = Debug|Any CPU
		{96B31EBD-921D-4FDC-ABAF-5FB4386CA22B}.Debug|x64.Build.0 = Debug|Any CPU
		{96B31EBD-921D-4FDC-ABAF-5FB4386CA22B}.Debug|x86.ActiveCfg = Debug|Any CPU
		{96B31EBD-921D-4FDC-ABAF-5FB4386CA22B}.Debug|x86.Build.0 = Debug|Any CPU
		{96B31EBD-921D-4FDC-ABAF-5FB4386CA22B}.Release|Any CPU.ActiveCfg = Release|Any CPU
		{96B31EBD-921D-4FDC-ABAF-5FB4386CA22B}.Release|Any CPU.Build.0 = Release|Any CPU
		{96B31EBD-921D-4FDC-ABAF-5FB4386CA22B}.Release|x64.ActiveCfg = Release|Any CPU
		{96B31EBD-921D-4FDC-ABAF-5FB4386CA22B}.Release|x64.Build.0 = Release|Any CPU
		{96B31EBD-921D-4FDC-ABAF-5FB4386CA22B}.Release|x86.ActiveCfg = Release|Any CPU
		{96B31EBD-921D-4FDC-ABAF-5FB4386CA22B}.Release|x86.Build.0 = Release|Any CPU
	EndGlobalSection
	GlobalSection(NestedProjects) = preSolution
		{375B1F0F-D71E-4DB2-93B8-4197C063DF05} = {F4F98233-6590-46E3-9EEB-D635A3E891CB}
		{61CD544D-37D7-4C50-A732-457B63E7A184} = {F4F98233-6590-46E3-9EEB-D635A3E891CB}
		{A248177E-28A3-4396-99AF-38015751BBC9} = {F4F98233-6590-46E3-9EEB-D635A3E891CB}
		{E12718AA-8BBA-4ADC-BEA6-615FC2A76C32} = {7F739A7E-387B-4045-A27E-F9801FFA9E20}
		{05155148-63FB-42F0-AB8D-CE5CF2752CBE} = {7F739A7E-387B-4045-A27E-F9801FFA9E20}
		{DB4C480D-93C8-4B0A-B3C5-2A4CF94C19D9} = {7F739A7E-387B-4045-A27E-F9801FFA9E20}
		{95480759-65A2-4034-A492-D9C34495319F} = {F4F98233-6590-46E3-9EEB-D635A3E891CB}
		{6EF751CF-A157-4E6A-913C-E832045DC2BB} = {7F739A7E-387B-4045-A27E-F9801FFA9E20}
		{BCABB715-BF49-4C18-A76C-CCE9D566C9D9} = {F4F98233-6590-46E3-9EEB-D635A3E891CB}
		{5AD7EC19-E27C-4063-87E3-492063B2FE51} = {7F739A7E-387B-4045-A27E-F9801FFA9E20}
		{96B31EBD-921D-4FDC-ABAF-5FB4386CA22B} = {F4F98233-6590-46E3-9EEB-D635A3E891CB}
	EndGlobalSection
EndGlobal
